
Microsoft Visual Studio Solution File, Format Version 12.00
# Visual Studio Version 18
VisualStudioVersion = 18.0.11123.170 d18.0
MinimumVisualStudioVersion = 10.0.40219.1
Project("{FAE04EC0-301F-11D3-BF4B-00C04F79EFBC}") = "Elixir", "Elixir.csproj", "{780E545F-F66E-65AB-8AE6-3160D676DAF3}"
EndProject
Global
	GlobalSection(SolutionConfigurationPlatforms) = preSolution
		Debug|Any CPU = Debug|Any CPU
		Release|Any CPU = Release|Any CPU
	EndGlobalSection
	GlobalSection(ProjectConfigurationPlatforms) = postSolution
		{780E545F-F66E-65AB-8AE6-3160D676DAF3}.Debug|Any CPU.ActiveCfg = Debug|Any CPU
		{780E545F-F66E-65AB-8AE6-3160D676DAF3}.Debug|Any CPU.Build.0 = Debug|Any CPU
		{780E545F-F66E-65AB-8AE6-3160D676DAF3}.Release|Any CPU.ActiveCfg = Release|Any CPU
		{780E545F-F66E-65AB-8AE6-3160D676DAF3}.Release|Any CPU.Build.0 = Release|Any CPU
	EndGlobalSection
	GlobalSection(SolutionProperties) = preSolution
		HideSolutionNode = FALSE
	EndGlobalSection
	GlobalSection(ExtensibilityGlobals) = postSolution
		SolutionGuid = {EBFE4E35-8A85-4FAC-A758-5F4C487BD1AB}
	EndGlobalSection
EndGlobal
